// !$*UTF8*$!
{
	archiveVersion = 1;
	classes = {
	};
	objectVersion = 55;
	objects = {

/* Begin PBXBuildFile section */
		21258C43277AB58D00747A2C /* AppDelegate.swift in Sources */ = {isa = PBXBuildFile; fileRef = 21258C42277AB58D00747A2C /* AppDelegate.swift */; };
		21258C45277AB58D00747A2C /* SceneDelegate.swift in Sources */ = {isa = PBXBuildFile; fileRef = 21258C44277AB58D00747A2C /* SceneDelegate.swift */; };
		21258C47277AB58D00747A2C /* ViewController.swift in Sources */ = {isa = PBXBuildFile; fileRef = 21258C46277AB58D00747A2C /* ViewController.swift */; };
		21258C4A277AB58D00747A2C /* Main.storyboard in Resources */ = {isa = PBXBuildFile; fileRef = 21258C48277AB58D00747A2C /* Main.storyboard */; };
		21258C4C277AB58D00747A2C /* Assets.xcassets in Resources */ = {isa = PBXBuildFile; fileRef = 21258C4B277AB58D00747A2C /* Assets.xcassets */; };
		21258C4F277AB58D00747A2C /* LaunchScreen.storyboard in Resources */ = {isa = PBXBuildFile; fileRef = 21258C4D277AB58D00747A2C /* LaunchScreen.storyboard */; };
		21258C5A277AB58D00747A2C /* imageViewQuizTests.swift in Sources */ = {isa = PBXBuildFile; fileRef = 21258C59277AB58D00747A2C /* imageViewQuizTests.swift */; };
		21258C64277AB58D00747A2C /* imageViewQuizUITests.swift in Sources */ = {isa = PBXBuildFile; fileRef = 21258C63277AB58D00747A2C /* imageViewQuizUITests.swift */; };
		21258C66277AB58D00747A2C /* imageViewQuizUITestsLaunchTests.swift in Sources */ = {isa = PBXBuildFile; fileRef = 21258C65277AB58D00747A2C /* imageViewQuizUITestsLaunchTests.swift */; };
/* End PBXBuildFile section */

/* Begin PBXContainerItemProxy section */
		21258C56277AB58D00747A2C /* PBXContainerItemProxy */ = {
			isa = PBXContainerItemProxy;
			containerPortal = 21258C37277AB58D00747A2C /* Project object */;
			proxyType = 1;
			remoteGlobalIDString = 21258C3E277AB58D00747A2C;
			remoteInfo = imageViewQuiz;
		};
		21258C60277AB58D00747A2C /* PBXContainerItemProxy */ = {
			isa = PBXContainerItemProxy;
			containerPortal = 21258C37277AB58D00747A2C /* Project object */;
			proxyType = 1;
			remoteGlobalIDString = 21258C3E277AB58D00747A2C;
			remoteInfo = imageViewQuiz;
		};
/* End PBXContainerItemProxy section */

/* Begin PBXFileReference section */
		21258C3F277AB58D00747A2C /* imageViewQuiz.app */ = {isa = PBXFileReference; explicitFileType = wrapper.application; includeInIndex = 0; path = imageViewQuiz.app; sourceTree = BUILT_PRODUCTS_DIR; };
		21258C42277AB58D00747A2C /* AppDelegate.swift */ = {isa = PBXFileReference; lastKnownFileType = sourcecode.swift; path = AppDelegate.swift; sourceTree = "<group>"; };
		21258C44277AB58D00747A2C /* SceneDelegate.swift */ = {isa = PBXFileReference; lastKnownFileType = sourcecode.swift; path = SceneDelegate.swift; sourceTree = "<group>"; };
		21258C46277AB58D00747A2C /* ViewController.swift */ = {isa = PBXFileReference; lastKnownFileType = sourcecode.swift; path = ViewController.swift; sourceTree = "<group>"; };
		21258C49277AB58D00747A2C /* Base */ = {isa = PBXFileReference; lastKnownFileType = file.storyboard; name = Base; path = Base.lproj/Main.storyboard; sourceTree = "<group>"; };
		21258C4B277AB58D00747A2C /* Assets.xcassets */ = {isa = PBXFileReference; lastKnownFileType = folder.assetcatalog; path = Assets.xcassets; sourceTree = "<group>"; };
		21258C4E277AB58D00747A2C /* Base */ = {isa = PBXFileReference; lastKnownFileType = file.storyboard; name = Base; path = Base.lproj/LaunchScreen.storyboard; sourceTree = "<group>"; };
		21258C50277AB58D00747A2C /* Info.plist */ = {isa = PBXFileReference; lastKnownFileType = text.plist.xml; path = Info.plist; sourceTree = "<group>"; };
		21258C55277AB58D00747A2C /* imageViewQuizTests.xctest */ = {isa = PBXFileReference; explicitFileType = wrapper.cfbundle; includeInIndex = 0; path = imageViewQuizTests.xctest; sourceTree = BUILT_PRODUCTS_DIR; };
		21258C59277AB58D00747A2C /* imageViewQuizTests.swift */ = {isa = PBXFileReference; lastKnownFileType = sourcecode.swift; path = imageViewQuizTests.swift; sourceTree = "<group>"; };
		21258C5F277AB58D00747A2C /* imageViewQuizUITests.xctest */ = {isa = PBXFileReference; explicitFileType = wrapper.cfbundle; includeInIndex = 0; path = imageViewQuizUITests.xctest; sourceTree = BUILT_PRODUCTS_DIR; };
		21258C63277AB58D00747A2C /* imageViewQuizUITests.swift */ = {isa = PBXFileReference; lastKnownFileType = sourcecode.swift; path = imageViewQuizUITests.swift; sourceTree = "<group>"; };
		21258C65277AB58D00747A2C /* imageViewQuizUITestsLaunchTests.swift */ = {isa = PBXFileReference; lastKnownFileType = sourcecode.swift; path = imageViewQuizUITestsLaunchTests.swift; sourceTree = "<group>"; };
/* End PBXFileReference section */

/* Begin PBXFrameworksBuildPhase section */
		21258C3C277AB58D00747A2C /* Frameworks */ = {
			isa = PBXFrameworksBuildPhase;
			buildActionMask = 2147483647;
			files = (
			);
			runOnlyForDeploymentPostprocessing = 0;
		};
		21258C52277AB58D00747A2C /* Frameworks */ = {
			isa = PBXFrameworksBuildPhase;
			buildActionMask = 2147483647;
			files = (
			);
			runOnlyForDeploymentPostprocessing = 0;
		};
		21258C5C277AB58D00747A2C /* Frameworks */ = {
			isa = PBXFrameworksBuildPhase;
			buildActionMask = 2147483647;
			files = (
			);
			runOnlyForDeploymentPostprocessing = 0;
		};
/* End PBXFrameworksBuildPhase section */

/* Begin PBXGroup section */
		21258C36277AB58D00747A2C = {
			isa = PBXGroup;
			children = (
				21258C41277AB58D00747A2C /* imageViewQuiz */,
				21258C58277AB58D00747A2C /* imageViewQuizTests */,
				21258C62277AB58D00747A2C /* imageViewQuizUITests */,
				21258C40277AB58D00747A2C /* Products */,
			);
			sourceTree = "<group>";
		};
		21258C40277AB58D00747A2C /* Products */ = {
			isa = PBXGroup;
			children = (
				21258C3F277AB58D00747A2C /* imageViewQuiz.app */,
				21258C55277AB58D00747A2C /* imageViewQuizTests.xctest */,
				21258C5F277AB58D00747A2C /* imageViewQuizUITests.xctest */,
			);
			name = Products;
			sourceTree = "<group>";
		};
		21258C41277AB58D00747A2C /* imageViewQuiz */ = {
			isa = PBXGroup;
			children = (
				21258C42277AB58D00747A2C /* AppDelegate.swift */,
				21258C44277AB58D00747A2C /* SceneDelegate.swift */,
				21258C46277AB58D00747A2C /* ViewController.swift */,
				21258C48277AB58D00747A2C /* Main.storyboard */,
				21258C4B277AB58D00747A2C /* Assets.xcassets */,
				21258C4D277AB58D00747A2C /* LaunchScreen.storyboard */,
				21258C50277AB58D00747A2C /* Info.plist */,
			);
			path = imageViewQuiz;
			sourceTree = "<group>";
		};
		21258C58277AB58D00747A2C /* imageViewQuizTests */ = {
			isa = PBXGroup;
			children = (
				21258C59277AB58D00747A2C /* imageViewQuizTests.swift */,
			);
			path = imageViewQuizTests;
			sourceTree = "<group>";
		};
		21258C62277AB58D00747A2C /* imageViewQuizUITests */ = {
			isa = PBXGroup;
			children = (
				21258C63277AB58D00747A2C /* imageViewQuizUITests.swift */,
				21258C65277AB58D00747A2C /* imageViewQuizUITestsLaunchTests.swift */,
			);
			path = imageViewQuizUITests;
			sourceTree = "<group>";
		};
/* End PBXGroup section */

/* Begin PBXNativeTarget section */
		21258C3E277AB58D00747A2C /* imageViewQuiz */ = {
			isa = PBXNativeTarget;
			buildConfigurationList = 21258C69277AB58D00747A2C /* Build configuration list for PBXNativeTarget "imageViewQuiz" */;
			buildPhases = (
				21258C3B277AB58D00747A2C /* Sources */,
				21258C3C277AB58D00747A2C /* Frameworks */,
				21258C3D277AB58D00747A2C /* Resources */,
			);
			buildRules = (
			);
			dependencies = (
			);
			name = imageViewQuiz;
			productName = imageViewQuiz;
			productReference = 21258C3F277AB58D00747A2C /* imageViewQuiz.app */;
			productType = "com.apple.product-type.application";
		};
		21258C54277AB58D00747A2C /* imageViewQuizTests */ = {
			isa = PBXNativeTarget;
			buildConfigurationList = 21258C6C277AB58D00747A2C /* Build configuration list for PBXNativeTarget "imageViewQuizTests" */;
			buildPhases = (
				21258C51277AB58D00747A2C /* Sources */,
				21258C52277AB58D00747A2C /* Frameworks */,
				21258C53277AB58D00747A2C /* Resources */,
			);
			buildRules = (
			);
			dependencies = (
				21258C57277AB58D00747A2C /* PBXTargetDependency */,
			);
			name = imageViewQuizTests;
			productName = imageViewQuizTests;
			productReference = 21258C55277AB58D00747A2C /* imageViewQuizTests.xctest */;
			productType = "com.apple.product-type.bundle.unit-test";
		};
		21258C5E277AB58D00747A2C /* imageViewQuizUITests */ = {
			isa = PBXNativeTarget;
			buildConfigurationList = 21258C6F277AB58D00747A2C /* Build configuration list for PBXNativeTarget "imageViewQuizUITests" */;
			buildPhases = (
				21258C5B277AB58D00747A2C /* Sources */,
				21258C5C277AB58D00747A2C /* Frameworks */,
				21258C5D277AB58D00747A2C /* Resources */,
			);
			buildRules = (
			);
			dependencies = (
				21258C61277AB58D00747A2C /* PBXTargetDependency */,
			);
			name = imageViewQuizUITests;
			productName = imageViewQuizUITests;
			productReference = 21258C5F277AB58D00747A2C /* imageViewQuizUITests.xctest */;
			productType = "com.apple.product-type.bundle.ui-testing";
		};
/* End PBXNativeTarget section */

/* Begin PBXProject section */
		21258C37277AB58D00747A2C /* Project object */ = {
			isa = PBXProject;
			attributes = {
				BuildIndependentTargetsInParallel = 1;
				LastSwiftUpdateCheck = 1320;
				LastUpgradeCheck = 1320;
				TargetAttributes = {
					21258C3E277AB58D00747A2C = {
						CreatedOnToolsVersion = 13.2.1;
					};
					21258C54277AB58D00747A2C = {
						CreatedOnToolsVersion = 13.2.1;
						TestTargetID = 21258C3E277AB58D00747A2C;
					};
					21258C5E277AB58D00747A2C = {
						CreatedOnToolsVersion = 13.2.1;
						TestTargetID = 21258C3E277AB58D00747A2C;
					};
				};
			};
			buildConfigurationList = 21258C3A277AB58D00747A2C /* Build configuration list for PBXProject "imageViewQuiz" */;
			compatibilityVersion = "Xcode 13.0";
			developmentRegion = en;
			hasScannedForEncodings = 0;
			knownRegions = (
				en,
				Base,
			);
			mainGroup = 21258C36277AB58D00747A2C;
			productRefGroup = 21258C40277AB58D00747A2C /* Products */;
			projectDirPath = "";
			projectRoot = "";
			targets = (
				21258C3E277AB58D00747A2C /* imageViewQuiz */,
				21258C54277AB58D00747A2C /* imageViewQuizTests */,
				21258C5E277AB58D00747A2C /* imageViewQuizUITests */,
			);
		};
/* End PBXProject section */

/* Begin PBXResourcesBuildPhase section */
		21258C3D277AB58D00747A2C /* Resources */ = {
			isa = PBXResourcesBuildPhase;
			buildActionMask = 2147483647;
			files = (
				21258C4F277AB58D00747A2C /* LaunchScreen.storyboard in Resources */,
				21258C4C277AB58D00747A2C /* Assets.xcassets in Resources */,
				21258C4A277AB58D00747A2C /* Main.storyboard in Resources */,
			);
			runOnlyForDeploymentPostprocessing = 0;
		};
		21258C53277AB58D00747A2C /* Resources */ = {
			isa = PBXResourcesBuildPhase;
			buildActionMask = 2147483647;
			files = (
			);
			runOnlyForDeploymentPostprocessing = 0;
		};
		21258C5D277AB58D00747A2C /* Resources */ = {
			isa = PBXResourcesBuildPhase;
			buildActionMask = 2147483647;
			files = (
			);
			runOnlyForDeploymentPostprocessing = 0;
		};
/* End PBXResourcesBuildPhase section */

/* Begin PBXSourcesBuildPhase section */
		21258C3B277AB58D00747A2C /* Sources */ = {
			isa = PBXSourcesBuildPhase;
			buildActionMask = 2147483647;
			files = (
				21258C47277AB58D00747A2C /* ViewController.swift in Sources */,
				21258C43277AB58D00747A2C /* AppDelegate.swift in Sources */,
				21258C45277AB58D00747A2C /* SceneDelegate.swift in Sources */,
			);
			runOnlyForDeploymentPostprocessing = 0;
		};
		21258C51277AB58D00747A2C /* Sources */ = {
			isa = PBXSourcesBuildPhase;
			buildActionMask = 2147483647;
			files = (
				21258C5A277AB58D00747A2C /* imageViewQuizTests.swift in Sources */,
			);
			runOnlyForDeploymentPostprocessing = 0;
		};
		21258C5B277AB58D00747A2C /* Sources */ = {
			isa = PBXSourcesBuildPhase;
			buildActionMask = 2147483647;
			files = (
				21258C66277AB58D00747A2C /* imageViewQuizUITestsLaunchTests.swift in Sources */,
				21258C64277AB58D00747A2C /* imageViewQuizUITests.swift in Sources */,
			);
			runOnlyForDeploymentPostprocessing = 0;
		};
/* End PBXSourcesBuildPhase section */

/* Begin PBXTargetDependency section */
		21258C57277AB58D00747A2C /* PBXTargetDependency */ = {
			isa = PBXTargetDependency;
			target = 21258C3E277AB58D00747A2C /* imageViewQuiz */;
			targetProxy = 21258C56277AB58D00747A2C /* PBXContainerItemProxy */;
		};
		21258C61277AB58D00747A2C /* PBXTargetDependency */ = {
			isa = PBXTargetDependency;
			target = 21258C3E277AB58D00747A2C /* imageViewQuiz */;
			targetProxy = 21258C60277AB58D00747A2C /* PBXContainerItemProxy */;
		};
/* End PBXTargetDependency section */

/* Begin PBXVariantGroup section */
		21258C48277AB58D00747A2C /* Main.storyboard */ = {
			isa = PBXVariantGroup;
			children = (
				21258C49277AB58D00747A2C /* Base */,
			);
			name = Main.storyboard;
			sourceTree = "<group>";
		};
		21258C4D277AB58D00747A2C /* LaunchScreen.storyboard */ = {
			isa = PBXVariantGroup;
			children = (
				21258C4E277AB58D00747A2C /* Base */,
			);
			name = LaunchScreen.storyboard;
			sourceTree = "<group>";
		};
/* End PBXVariantGroup section */

/* Begin XCBuildConfiguration section */
		21258C67277AB58D00747A2C /* Debug */ = {
			isa = XCBuildConfiguration;
			buildSettings = {
				ALWAYS_SEARCH_USER_PATHS = NO;
				CLANG_ANALYZER_NONNULL = YES;
				CLANG_ANALYZER_NUMBER_OBJECT_CONVERSION = YES_AGGRESSIVE;
				CLANG_CXX_LANGUAGE_STANDARD = "gnu++17";
				CLANG_CXX_LIBRARY = "libc++";
				CLANG_ENABLE_MODULES = YES;
				CLANG_ENABLE_OBJC_ARC = YES;
				CLANG_ENABLE_OBJC_WEAK = YES;
				CLANG_WARN_BLOCK_CAPTURE_AUTORELEASING = YES;
				CLANG_WARN_BOOL_CONVERSION = YES;
				CLANG_WARN_COMMA = YES;
				CLANG_WARN_CONSTANT_CONVERSION = YES;
				CLANG_WARN_DEPRECATED_OBJC_IMPLEMENTATIONS = YES;
				CLANG_WARN_DIRECT_OBJC_ISA_USAGE = YES_ERROR;
				CLANG_WARN_DOCUMENTATION_COMMENTS = YES;
				CLANG_WARN_EMPTY_BODY = YES;
				CLANG_WARN_ENUM_CONVERSION = YES;
				CLANG_WARN_INFINITE_RECURSION = YES;
				CLANG_WARN_INT_CONVERSION = YES;
				CLANG_WARN_NON_LITERAL_NULL_CONVERSION = YES;
				CLANG_WARN_OBJC_IMPLICIT_RETAIN_SELF = YES;
				CLANG_WARN_OBJC_LITERAL_CONVERSION = YES;
				CLANG_WARN_OBJC_ROOT_CLASS = YES_ERROR;
				CLANG_WARN_QUOTED_INCLUDE_IN_FRAMEWORK_HEADER = YES;
				CLANG_WARN_RANGE_LOOP_ANALYSIS = YES;
				CLANG_WARN_STRICT_PROTOTYPES = YES;
				CLANG_WARN_SUSPICIOUS_MOVE = YES;
				CLANG_WARN_UNGUARDED_AVAILABILITY = YES_AGGRESSIVE;
				CLANG_WARN_UNREACHABLE_CODE = YES;
				CLANG_WARN__DUPLICATE_METHOD_MATCH = YES;
				COPY_PHASE_STRIP = NO;
				DEBUG_INFORMATION_FORMAT = dwarf;
				ENABLE_STRICT_OBJC_MSGSEND = YES;
				ENABLE_TESTABILITY = YES;
				GCC_C_LANGUAGE_STANDARD = gnu11;
				GCC_DYNAMIC_NO_PIC = NO;
				GCC_NO_COMMON_BLOCKS = YES;
				GCC_OPTIMIZATION_LEVEL = 0;
				GCC_PREPROCESSOR_DEFINITIONS = (
					"DEBUG=1",
					"$(inherited)",
				);
				GCC_WARN_64_TO_32_BIT_CONVERSION = YES;
				GCC_WARN_ABOUT_RETURN_TYPE = YES_ERROR;
				GCC_WARN_UNDECLARED_SELECTOR = YES;
				GCC_WARN_UNINITIALIZED_AUTOS = YES_AGGRESSIVE;
				GCC_WARN_UNUSED_FUNCTION = YES;
				GCC_WARN_UNUSED_VARIABLE = YES;
				IPHONEOS_DEPLOYMENT_TARGET = 15.2;
				MTL_ENABLE_DEBUG_INFO = INCLUDE_SOURCE;
				MTL_FAST_MATH = YES;
				ONLY_ACTIVE_ARCH = YES;
				SDKROOT = iphoneos;
				SWIFT_ACTIVE_COMPILATION_CONDITIONS = DEBUG;
				SWIFT_OPTIMIZATION_LEVEL = "-Onone";
			};
			name = Debug;
		};
		21258C68277AB58D00747A2C /* Release */ = {
			isa = XCBuildConfiguration;
			buildSettings = {
				ALWAYS_SEARCH_USER_PATHS = NO;
				CLANG_ANALYZER_NONNULL = YES;
				CLANG_ANALYZER_NUMBER_OBJECT_CONVERSION = YES_AGGRESSIVE;
				CLANG_CXX_LANGUAGE_STANDARD = "gnu++17";
				CLANG_CXX_LIBRARY = "libc++";
				CLANG_ENABLE_MODULES = YES;
				CLANG_ENABLE_OBJC_ARC = YES;
				CLANG_ENABLE_OBJC_WEAK = YES;
				CLANG_WARN_BLOCK_CAPTURE_AUTORELEASING = YES;
				CLANG_WARN_BOOL_CONVERSION = YES;
				CLANG_WARN_COMMA = YES;
				CLANG_WARN_CONSTANT_CONVERSION = YES;
				CLANG_WARN_DEPRECATED_OBJC_IMPLEMENTATIONS = YES;
				CLANG_WARN_DIRECT_OBJC_ISA_USAGE = YES_ERROR;
				CLANG_WARN_DOCUMENTATION_COMMENTS = YES;
				CLANG_WARN_EMPTY_BODY = YES;
				CLANG_WARN_ENUM_CONVERSION = YES;
				CLANG_WARN_INFINITE_RECURSION = YES;
				CLANG_WARN_INT_CONVERSION = YES;
				CLANG_WARN_NON_LITERAL_NULL_CONVERSION = YES;
				CLANG_WARN_OBJC_IMPLICIT_RETAIN_SELF = YES;
				CLANG_WARN_OBJC_LITERAL_CONVERSION = YES;
				CLANG_WARN_OBJC_ROOT_CLASS = YES_ERROR;
				CLANG_WARN_QUOTED_INCLUDE_IN_FRAMEWORK_HEADER = YES;
				CLANG_WARN_RANGE_LOOP_ANALYSIS = YES;
				CLANG_WARN_STRICT_PROTOTYPES = YES;
				CLANG_WARN_SUSPICIOUS_MOVE = YES;
				CLANG_WARN_UNGUARDED_AVAILABILITY = YES_AGGRESSIVE;
				CLANG_WARN_UNREACHABLE_CODE = YES;
				CLANG_WARN__DUPLICATE_METHOD_MATCH = YES;
				COPY_PHASE_STRIP = NO;
				DEBUG_INFORMATION_FORMAT = "dwarf-with-dsym";
				ENABLE_NS_ASSERTIONS = NO;
				ENABLE_STRICT_OBJC_MSGSEND = YES;
				GCC_C_LANGUAGE_STANDARD = gnu11;
				GCC_NO_COMMON_BLOCKS = YES;
				GCC_WARN_64_TO_32_BIT_CONVERSION = YES;
				GCC_WARN_ABOUT_RETURN_TYPE = YES_ERROR;
				GCC_WARN_UNDECLARED_SELECTOR = YES;
				GCC_WARN_UNINITIALIZED_AUTOS = YES_AGGRESSIVE;
				GCC_WARN_UNUSED_FUNCTION = YES;
				GCC_WARN_UNUSED_VARIABLE = YES;
				IPHONEOS_DEPLOYMENT_TARGET = 15.2;
				MTL_ENABLE_DEBUG_INFO = NO;
				MTL_FAST_MATH = YES;
				SDKROOT = iphoneos;
				SWIFT_COMPILATION_MODE = wholemodule;
				SWIFT_OPTIMIZATION_LEVEL = "-O";
				VALIDATE_PRODUCT = YES;
			};
			name = Release;
		};
		21258C6A277AB58D00747A2C /* Debug */ = {
			isa = XCBuildConfiguration;
			buildSettings = {
				ASSETCATALOG_COMPILER_APPICON_NAME = AppIcon;
				ASSETCATALOG_COMPILER_GLOBAL_ACCENT_COLOR_NAME = AccentColor;
				CODE_SIGN_STYLE = Automatic;
				CURRENT_PROJECT_VERSION = 1;
				GENERATE_INFOPLIST_FILE = YES;
				INFOPLIST_FILE = imageViewQuiz/Info.plist;
				INFOPLIST_KEY_UIApplicationSupportsIndirectInputEvents = YES;
				INFOPLIST_KEY_UILaunchStoryboardName = LaunchScreen;
				INFOPLIST_KEY_UIMainStoryboardFile = Main;
				INFOPLIST_KEY_UISupportedInterfaceOrientations_iPad = "UIInterfaceOrientationPortrait UIInterfaceOrientationPortraitUpsideDown UIInterfaceOrientationLandscapeLeft UIInterfaceOrientationLandscapeRight";
				INFOPLIST_KEY_UISupportedInterfaceOrientations_iPhone = "UIInterfaceOrientationPortrait UIInterfaceOrientationLandscapeLeft UIInterfaceOrientationLandscapeRight";
				LD_RUNPATH_SEARCH_PATHS = (
					"$(inherited)",
					"@executable_path/Frameworks",
				);
				MARKETING_VERSION = 1.0;
				PRODUCT_BUNDLE_IDENTIFIER = com.gohdong.imageViewQuiz;
				PRODUCT_NAME = "$(TARGET_NAME)";
				SWIFT_EMIT_LOC_STRINGS = YES;
				SWIFT_VERSION = 5.0;
				TARGETED_DEVICE_FAMILY = "1,2";
			};
			name = Debug;
		};
		21258C6B277AB58D00747A2C /* Release */ = {
			isa = XCBuildConfiguration;
			buildSettings = {
				ASSETCATALOG_COMPILER_APPICON_NAME = AppIcon;
				ASSETCATALOG_COMPILER_GLOBAL_ACCENT_COLOR_NAME = AccentColor;
				CODE_SIGN_STYLE = Automatic;
				CURRENT_PROJECT_VERSION = 1;
				GENERATE_INFOPLIST_FILE = YES;
				INFOPLIST_FILE = imageViewQuiz/Info.plist;
				INFOPLIST_KEY_UIApplicationSupportsIndirectInputEvents = YES;
				INFOPLIST_KEY_UILaunchStoryboardName = LaunchScreen;
				INFOPLIST_KEY_UIMainStoryboardFile = Main;
				INFOPLIST_KEY_UISupportedInterfaceOrientations_iPad = "UIInterfaceOrientationPortrait UIInterfaceOrientationPortraitUpsideDown UIInterfaceOrientationLandscapeLeft UIInterfaceOrientationLandscapeRight";
				INFOPLIST_KEY_UISupportedInterfaceOrientations_iPhone = "UIInterfaceOrientationPortrait UIInterfaceOrientationLandscapeLeft UIInterfaceOrientationLandscapeRight";
				LD_RUNPATH_SEARCH_PATHS = (
					"$(inherited)",
					"@executable_path/Frameworks",
				);
				MARKETING_VERSION = 1.0;
				PRODUCT_BUNDLE_IDENTIFIER = com.gohdong.imageViewQuiz;
				PRODUCT_NAME = "$(TARGET_NAME)";
				SWIFT_EMIT_LOC_STRINGS = YES;
				SWIFT_VERSION = 5.0;
				TARGETED_DEVICE_FAMILY = "1,2";
			};
			name = Release;
		};
		21258C6D277AB58D00747A2C /* Debug */ = {
			isa = XCBuildConfiguration;
			buildSettings = {
				ALWAYS_EMBED_SWIFT_STANDARD_LIBRARIES = YES;
				BUNDLE_LOADER = "$(TEST_HOST)";
				CODE_SIGN_STYLE = Automatic;
				CURRENT_PROJECT_VERSION = 1;
				GENERATE_INFOPLIST_FILE = YES;
				IPHONEOS_DEPLOYMENT_TARGET = 15.2;
				MARKETING_VERSION = 1.0;
				PRODUCT_BUNDLE_IDENTIFIER = com.gohdong.imageViewQuizTests;
				PRODUCT_NAME = "$(TARGET_NAME)";
				SWIFT_EMIT_LOC_STRINGS = NO;
				SWIFT_VERSION = 5.0;
				TARGETED_DEVICE_FAMILY = "1,2";
				TEST_HOST = "$(BUILT_PRODUCTS_DIR)/imageViewQuiz.app/imageViewQuiz";
			};
			name = Debug;
		};
		21258C6E277AB58D00747A2C /* Release */ = {
			isa = XCBuildConfiguration;
			buildSettings = {
				ALWAYS_EMBED_SWIFT_STANDARD_LIBRARIES = YES;
				BUNDLE_LOADER = "$(TEST_HOST)";
				CODE_SIGN_STYLE = Automatic;
				CURRENT_PROJECT_VERSION = 1;
				GENERATE_INFOPLIST_FILE = YES;
				IPHONEOS_DEPLOYMENT_TARGET = 15.2;
				MARKETING_VERSION = 1.0;
				PRODUCT_BUNDLE_IDENTIFIER = com.gohdong.imageViewQuizTests;
				PRODUCT_NAME = "$(TARGET_NAME)";
				SWIFT_EMIT_LOC_STRINGS = NO;
				SWIFT_VERSION = 5.0;
				TARGETED_DEVICE_FAMILY = "1,2";
				TEST_HOST = "$(BUILT_PRODUCTS_DIR)/imageViewQuiz.app/imageViewQuiz";
			};
			name = Release;
		};
		21258C70277AB58D00747A2C /* Debug */ = {
			isa = XCBuildConfiguration;
			buildSettings = {
				ALWAYS_EMBED_SWIFT_STANDARD_LIBRARIES = YES;
				CODE_SIGN_STYLE = Automatic;
				CURRENT_PROJECT_VERSION = 1;
				GENERATE_INFOPLIST_FILE = YES;
				MARKETING_VERSION = 1.0;
				PRODUCT_BUNDLE_IDENTIFIER = com.gohdong.imageViewQuizUITests;
				PRODUCT_NAME = "$(TARGET_NAME)";
				SWIFT_EMIT_LOC_STRINGS = NO;
				SWIFT_VERSION = 5.0;
				TARGETED_DEVICE_FAMILY = "1,2";
				TEST_TARGET_NAME = imageViewQuiz;
			};
			name = Debug;
		};
		21258C71277AB58D00747A2C /* Release */ = {
			isa = XCBuildConfiguration;
			buildSettings = {
				ALWAYS_EMBED_SWIFT_STANDARD_LIBRARIES = YES;
				CODE_SIGN_STYLE = Automatic;
				CURRENT_PROJECT_VERSION = 1;
				GENERATE_INFOPLIST_FILE = YES;
				MARKETING_VERSION = 1.0;
				PRODUCT_BUNDLE_IDENTIFIER = com.gohdong.imageViewQuizUITests;
				PRODUCT_NAME = "$(TARGET_NAME)";
				SWIFT_EMIT_LOC_STRINGS = NO;
				SWIFT_VERSION = 5.0;
				TARGETED_DEVICE_FAMILY = "1,2";
				TEST_TARGET_NAME = imageViewQuiz;
			};
			name = Release;
		};
/* End XCBuildConfiguration section */

/* Begin XCConfigurationList section */
		21258C3A277AB58D00747A2C /* Build configuration list for PBXProject "imageViewQuiz" */ = {
			isa = XCConfigurationList;
			buildConfigurations = (
				21258C67277AB58D00747A2C /* Debug */,
				21258C68277AB58D00747A2C /* Release */,
			);
			defaultConfigurationIsVisible = 0;
			defaultConfigurationName = Release;
		};
		21258C69277AB58D00747A2C /* Build configuration list for PBXNativeTarget "imageViewQuiz" */ = {
			isa = XCConfigurationList;
			buildConfigurations = (
				21258C6A277AB58D00747A2C /* Debug */,
				21258C6B277AB58D00747A2C /* Release */,
			);
			defaultConfigurationIsVisible = 0;
			defaultConfigurationName = Release;
		};
		21258C6C277AB58D00747A2C /* Build configuration list for PBXNativeTarget "imageViewQuizTests" */ = {
			isa = XCConfigurationList;
			buildConfigurations = (
				21258C6D277AB58D00747A2C /* Debug */,
				21258C6E277AB58D00747A2C /* Release */,
			);
			defaultConfigurationIsVisible = 0;
			defaultConfigurationName = Release;
		};
		21258C6F277AB58D00747A2C /* Build configuration list for PBXNativeTarget "imageViewQuizUITests" */ = {
			isa = XCConfigurationList;
			buildConfigurations = (
				21258C70277AB58D00747A2C /* Debug */,
				21258C71277AB58D00747A2C /* Release */,
			);
			defaultConfigurationIsVisible = 0;
			defaultConfigurationName = Release;
		};
/* End XCConfigurationList section */
	};
	rootObject = 21258C37277AB58D00747A2C /* Project object */;
}
